{
  "name": "@facu-tolay/mw-gh-npm-demo",
  "version": "1.0.0",
  "lockfileVersion": 3,
  "requires": true,
  "packages": {
    "": {
      "name": "@facu-tolay/mw-gh-npm-demo",
      "version": "1.0.0",
      "license": "ISC",
      "dependencies": {
        "@facu-tolay/mw-gh-npm-demo": "^1.0.0"
      }
    },
    "node_modules/@facu-tolay/mw-gh-npm-demo": {
      "version": "1.0.0",
      "resolved": "https://npm.pkg.github.com/download/@facu-tolay/mw-gh-npm-demo/1.0.0/793bb1efa9fbc42e446aa2d7626861c9180736e2",
      "integrity": "sha512-mzatRHsvwhs3kI4qsID6CPgdW5QTz8P/VF8cKnA5uyBRzYY2+5Fi0gSqIIxe6899iVuznrHKYXvO6EuSfk6+BQ==",
      "license": "ISC"
    }
  }
}
